
Microsoft Visual Studio Solution File, Format Version 12.00
# Visual Studio Version 17
VisualStudioVersion = 17.14.36109.1
MinimumVisualStudioVersion = 10.0.40219.1
Project("{9A19103F-16F7-4668-BE54-9A1E7A4F7556}") = "VideoCall", "VideoCall\VideoCall.csproj", "{873D22E6-2F99-44D6-BBFF-BA5F2A673CF7}"
EndProject
Project("{FAE04EC0-301F-11D3-BF4B-00C04F79EFBC}") = "VideoCall.Service", "VideoCallService\VideoCall.Service.csproj", "{A3E2B537-9238-4FCE-90FA-A505BDE0671C}"
EndProject
Project("{FAE04EC0-301F-11D3-BF4B-00C04F79EFBC}") = "VideoCall.Data", "VideoCall.Data\VideoCall.Data.csproj", "{66458DA9-CB70-4EA5-9D6C-729797C3A091}"
EndProject
Project("{FAE04EC0-301F-11D3-BF4B-00C04F79EFBC}") = "VideoCall.Common", "VideoCall.Common\VideoCall.Common.csproj", "{92B1562B-4800-45D2-80B1-DF6C14E6DAA7}"
EndProject
Global
	GlobalSection(SolutionConfigurationPlatforms) = preSolution
		Debug|Any CPU = Debug|Any CPU
		Release|Any CPU = Release|Any CPU
	EndGlobalSection
	GlobalSection(ProjectConfigurationPlatforms) = postSolution
		{873D22E6-2F99-44D6-BBFF-BA5F2A673CF7}.Debug|Any CPU.ActiveCfg = Debug|Any CPU
		{873D22E6-2F99-44D6-BBFF-BA5F2A673CF7}.Debug|Any CPU.Build.0 = Debug|Any CPU
		{873D22E6-2F99-44D6-BBFF-BA5F2A673CF7}.Release|Any CPU.ActiveCfg = Release|Any CPU
		{873D22E6-2F99-44D6-BBFF-BA5F2A673CF7}.Release|Any CPU.Build.0 = Release|Any CPU
		{A3E2B537-9238-4FCE-90FA-A505BDE0671C}.Debug|Any CPU.ActiveCfg = Debug|Any CPU
		{A3E2B537-9238-4FCE-90FA-A505BDE0671C}.Debug|Any CPU.Build.0 = Debug|Any CPU
		{A3E2B537-9238-4FCE-90FA-A505BDE0671C}.Release|Any CPU.ActiveCfg = Release|Any CPU
		{A3E2B537-9238-4FCE-90FA-A505BDE0671C}.Release|Any CPU.Build.0 = Release|Any CPU
		{66458DA9-CB70-4EA5-9D6C-729797C3A091}.Debug|Any CPU.ActiveCfg = Debug|Any CPU
		{66458DA9-CB70-4EA5-9D6C-729797C3A091}.Debug|Any CPU.Build.0 = Debug|Any CPU
		{66458DA9-CB70-4EA5-9D6C-729797C3A091}.Release|Any CPU.ActiveCfg = Release|Any CPU
		{66458DA9-CB70-4EA5-9D6C-729797C3A091}.Release|Any CPU.Build.0 = Release|Any CPU
		{92B1562B-4800-45D2-80B1-DF6C14E6DAA7}.Debug|Any CPU.ActiveCfg = Debug|Any CPU
		{92B1562B-4800-45D2-80B1-DF6C14E6DAA7}.Debug|Any CPU.Build.0 = Debug|Any CPU
		{92B1562B-4800-45D2-80B1-DF6C14E6DAA7}.Release|Any CPU.ActiveCfg = Release|Any CPU
		{92B1562B-4800-45D2-80B1-DF6C14E6DAA7}.Release|Any CPU.Build.0 = Release|Any CPU
	EndGlobalSection
	GlobalSection(SolutionProperties) = preSolution
		HideSolutionNode = FALSE
	EndGlobalSection
	GlobalSection(ExtensibilityGlobals) = postSolution
		SolutionGuid = {8525219A-74E1-48AC-882B-78EEF488EF73}
	EndGlobalSection
EndGlobal
